
Microsoft Visual Studio Solution File, Format Version 12.00
Project("{FAE04EC0-301F-11D3-BF4B-00C04F79EFBC}") = "SecureShare", "SecureShare\SecureShare.csproj", "{F069E7E8-46EB-4142-B0C9-1864FD206955}"
EndProject
Project("{FAE04EC0-301F-11D3-BF4B-00C04F79EFBC}") = "SecureShare.Tests", "SecureShare.Tests\SecureShare.Tests.csproj", "{B5829147-01FF-4C18-8264-B37611E463D5}"
EndProject
Project("{FAE04EC0-301F-11D3-BF4B-00C04F79EFBC}") = "ProtectedData", "ProtectedData\ProtectedData.csproj", "{1DD4272F-DE6F-4C8E-9564-E695F14F1BE7}"
EndProject
Project("{FAE04EC0-301F-11D3-BF4B-00C04F79EFBC}") = "CovariantTask", "CovariantTask\CovariantTask.csproj", "{71EB6EC7-61D8-4B35-97A4-36778E80745D}"
EndProject
Project("{FAE04EC0-301F-11D3-BF4B-00C04F79EFBC}") = "QRSync", "QRSync\QRSync.csproj", "{BF3EC058-BD9E-49AC-9A26-A16E866E4291}"
EndProject
Project("{FAE04EC0-301F-11D3-BF4B-00C04F79EFBC}") = "QRSync.Tests", "QRSync.Tests\QRSync.Tests.csproj", "{594E3F49-7D5E-47C6-8C2C-E6B0F957A62D}"
EndProject
Global
	GlobalSection(SolutionConfigurationPlatforms) = preSolution
		Debug|Any CPU = Debug|Any CPU
		Release|Any CPU = Release|Any CPU
	EndGlobalSection
	GlobalSection(ProjectConfigurationPlatforms) = postSolution
		{F069E7E8-46EB-4142-B0C9-1864FD206955}.Debug|Any CPU.ActiveCfg = Debug|Any CPU
		{F069E7E8-46EB-4142-B0C9-1864FD206955}.Debug|Any CPU.Build.0 = Debug|Any CPU
		{F069E7E8-46EB-4142-B0C9-1864FD206955}.Release|Any CPU.ActiveCfg = Release|Any CPU
		{F069E7E8-46EB-4142-B0C9-1864FD206955}.Release|Any CPU.Build.0 = Release|Any CPU
		{B5829147-01FF-4C18-8264-B37611E463D5}.Debug|Any CPU.ActiveCfg = Debug|Any CPU
		{B5829147-01FF-4C18-8264-B37611E463D5}.Debug|Any CPU.Build.0 = Debug|Any CPU
		{B5829147-01FF-4C18-8264-B37611E463D5}.Release|Any CPU.ActiveCfg = Release|Any CPU
		{B5829147-01FF-4C18-8264-B37611E463D5}.Release|Any CPU.Build.0 = Release|Any CPU
		{1DD4272F-DE6F-4C8E-9564-E695F14F1BE7}.Debug|Any CPU.ActiveCfg = Debug|Any CPU
		{1DD4272F-DE6F-4C8E-9564-E695F14F1BE7}.Debug|Any CPU.Build.0 = Debug|Any CPU
		{1DD4272F-DE6F-4C8E-9564-E695F14F1BE7}.Release|Any CPU.ActiveCfg = Release|Any CPU
		{1DD4272F-DE6F-4C8E-9564-E695F14F1BE7}.Release|Any CPU.Build.0 = Release|Any CPU
		{71EB6EC7-61D8-4B35-97A4-36778E80745D}.Debug|Any CPU.ActiveCfg = Debug|Any CPU
		{71EB6EC7-61D8-4B35-97A4-36778E80745D}.Debug|Any CPU.Build.0 = Debug|Any CPU
		{71EB6EC7-61D8-4B35-97A4-36778E80745D}.Release|Any CPU.ActiveCfg = Release|Any CPU
		{71EB6EC7-61D8-4B35-97A4-36778E80745D}.Release|Any CPU.Build.0 = Release|Any CPU
		{BF3EC058-BD9E-49AC-9A26-A16E866E4291}.Debug|Any CPU.ActiveCfg = Debug|Any CPU
		{BF3EC058-BD9E-49AC-9A26-A16E866E4291}.Debug|Any CPU.Build.0 = Debug|Any CPU
		{BF3EC058-BD9E-49AC-9A26-A16E866E4291}.Release|Any CPU.ActiveCfg = Release|Any CPU
		{BF3EC058-BD9E-49AC-9A26-A16E866E4291}.Release|Any CPU.Build.0 = Release|Any CPU
		{594E3F49-7D5E-47C6-8C2C-E6B0F957A62D}.Debug|Any CPU.ActiveCfg = Debug|Any CPU
		{594E3F49-7D5E-47C6-8C2C-E6B0F957A62D}.Debug|Any CPU.Build.0 = Debug|Any CPU
		{594E3F49-7D5E-47C6-8C2C-E6B0F957A62D}.Release|Any CPU.ActiveCfg = Release|Any CPU
		{594E3F49-7D5E-47C6-8C2C-E6B0F957A62D}.Release|Any CPU.Build.0 = Release|Any CPU
	EndGlobalSection
EndGlobal
