
Microsoft Visual Studio Solution File, Format Version 12.00
Project("{FAE04EC0-301F-11D3-BF4B-00C04F79EFBC}") = "SecureShare", "SecureShare\SecureShare.csproj", "{F069E7E8-46EB-4142-B0C9-1864FD206955}"
EndProject
Project("{FAE04EC0-301F-11D3-BF4B-00C04F79EFBC}") = "SecureShare.Tests", "SecureShare.Tests\SecureShare.Tests.csproj", "{B5829147-01FF-4C18-8264-B37611E463D5}"
EndProject
Project("{FAE04EC0-301F-11D3-BF4B-00C04F79EFBC}") = "ProtectedData", "ProtectedData\ProtectedData.csproj", "{1DD4272F-DE6F-4C8E-9564-E695F14F1BE7}"
EndProject
Project("{FAE04EC0-301F-11D3-BF4B-00C04F79EFBC}") = "CovariantTask", "CovariantTask\CovariantTask.csproj", "{71EB6EC7-61D8-4B35-97A4-36778E80745D}"
EndProject
Project("{FAE04EC0-301F-11D3-BF4B-00C04F79EFBC}") = "QRSync", "QRSync\QRSync.csproj", "{BF3EC058-BD9E-49AC-9A26-A16E866E4291}"
EndProject
Project("{FAE04EC0-301F-11D3-BF4B-00C04F79EFBC}") = "QRSync.Tests", "QRSync.Tests\QRSync.Tests.csproj", "{594E3F49-7D5E-47C6-8C2C-E6B0F957A62D}"
EndProject
Project("{FAE04EC0-301F-11D3-BF4B-00C04F79EFBC}") = "SecureShare.CommandLine", "SecureShare.CommandLine\SecureShare.CommandLine.csproj", "{277FC320-BBFE-43DB-9B3C-F08F75D009B6}"
EndProject
Project("{FAE04EC0-301F-11D3-BF4B-00C04F79EFBC}") = "TreeFormat", "TreeFormat\TreeFormat.csproj", "{9823622D-CBF9-4881-930F-9D2AFA9DE9B9}"
EndProject
Project("{FAE04EC0-301F-11D3-BF4B-00C04F79EFBC}") = "TreeFormat.Tests", "TreeFormat.Tests\TreeFormat.Tests.csproj", "{EC3A9AD7-94D8-4CD3-84B0-84D50356662B}"
EndProject
Project("{FAE04EC0-301F-11D3-BF4B-00C04F79EFBC}") = "PackedBinarySerialization", "PackedBinarySerialization\PackedBinarySerialization.csproj", "{2261ADAF-6FBE-408D-9118-A42A7508DD27}"
EndProject
Project("{FAE04EC0-301F-11D3-BF4B-00C04F79EFBC}") = "PackedBinarySerialization.Tests", "PackedBinarySerialization.Tests\PackedBinarySerialization.Tests.csproj", "{486C7E6A-EF5E-4D72-BD7A-D6907DDB14D0}"
EndProject
Project("{FAE04EC0-301F-11D3-BF4B-00C04F79EFBC}") = "SecureShare.Crypto", "SecureShare.Crypto\SecureShare.Crypto.csproj", "{21639CF7-4274-496A-B64A-2C4BBF6A4101}"
EndProject
Project("{FAE04EC0-301F-11D3-BF4B-00C04F79EFBC}") = "SecureShare.Common", "SecureShare.Common\SecureShare.Common.csproj", "{989173FA-9132-4C33-A0CE-0869F348F92A}"
EndProject
Project("{FAE04EC0-301F-11D3-BF4B-00C04F79EFBC}") = "SecureShare.Serialization", "SecureShare.Serialization\SecureShare.Serialization.csproj", "{8078AB26-4140-44AD-B8DF-C04995E4AD67}"
EndProject
Global
	GlobalSection(SolutionConfigurationPlatforms) = preSolution
		Debug|Any CPU = Debug|Any CPU
		Release|Any CPU = Release|Any CPU
	EndGlobalSection
	GlobalSection(ProjectConfigurationPlatforms) = postSolution
		{F069E7E8-46EB-4142-B0C9-1864FD206955}.Debug|Any CPU.ActiveCfg = Debug|Any CPU
		{F069E7E8-46EB-4142-B0C9-1864FD206955}.Debug|Any CPU.Build.0 = Debug|Any CPU
		{F069E7E8-46EB-4142-B0C9-1864FD206955}.Release|Any CPU.ActiveCfg = Release|Any CPU
		{F069E7E8-46EB-4142-B0C9-1864FD206955}.Release|Any CPU.Build.0 = Release|Any CPU
		{B5829147-01FF-4C18-8264-B37611E463D5}.Debug|Any CPU.ActiveCfg = Debug|Any CPU
		{B5829147-01FF-4C18-8264-B37611E463D5}.Debug|Any CPU.Build.0 = Debug|Any CPU
		{B5829147-01FF-4C18-8264-B37611E463D5}.Release|Any CPU.ActiveCfg = Release|Any CPU
		{B5829147-01FF-4C18-8264-B37611E463D5}.Release|Any CPU.Build.0 = Release|Any CPU
		{1DD4272F-DE6F-4C8E-9564-E695F14F1BE7}.Debug|Any CPU.ActiveCfg = Debug|Any CPU
		{1DD4272F-DE6F-4C8E-9564-E695F14F1BE7}.Debug|Any CPU.Build.0 = Debug|Any CPU
		{1DD4272F-DE6F-4C8E-9564-E695F14F1BE7}.Release|Any CPU.ActiveCfg = Release|Any CPU
		{1DD4272F-DE6F-4C8E-9564-E695F14F1BE7}.Release|Any CPU.Build.0 = Release|Any CPU
		{71EB6EC7-61D8-4B35-97A4-36778E80745D}.Debug|Any CPU.ActiveCfg = Debug|Any CPU
		{71EB6EC7-61D8-4B35-97A4-36778E80745D}.Debug|Any CPU.Build.0 = Debug|Any CPU
		{71EB6EC7-61D8-4B35-97A4-36778E80745D}.Release|Any CPU.ActiveCfg = Release|Any CPU
		{71EB6EC7-61D8-4B35-97A4-36778E80745D}.Release|Any CPU.Build.0 = Release|Any CPU
		{BF3EC058-BD9E-49AC-9A26-A16E866E4291}.Debug|Any CPU.ActiveCfg = Debug|Any CPU
		{BF3EC058-BD9E-49AC-9A26-A16E866E4291}.Debug|Any CPU.Build.0 = Debug|Any CPU
		{BF3EC058-BD9E-49AC-9A26-A16E866E4291}.Release|Any CPU.ActiveCfg = Release|Any CPU
		{BF3EC058-BD9E-49AC-9A26-A16E866E4291}.Release|Any CPU.Build.0 = Release|Any CPU
		{594E3F49-7D5E-47C6-8C2C-E6B0F957A62D}.Debug|Any CPU.ActiveCfg = Debug|Any CPU
		{594E3F49-7D5E-47C6-8C2C-E6B0F957A62D}.Debug|Any CPU.Build.0 = Debug|Any CPU
		{594E3F49-7D5E-47C6-8C2C-E6B0F957A62D}.Release|Any CPU.ActiveCfg = Release|Any CPU
		{594E3F49-7D5E-47C6-8C2C-E6B0F957A62D}.Release|Any CPU.Build.0 = Release|Any CPU
		{277FC320-BBFE-43DB-9B3C-F08F75D009B6}.Debug|Any CPU.ActiveCfg = Debug|Any CPU
		{277FC320-BBFE-43DB-9B3C-F08F75D009B6}.Debug|Any CPU.Build.0 = Debug|Any CPU
		{277FC320-BBFE-43DB-9B3C-F08F75D009B6}.Release|Any CPU.ActiveCfg = Release|Any CPU
		{277FC320-BBFE-43DB-9B3C-F08F75D009B6}.Release|Any CPU.Build.0 = Release|Any CPU
		{9823622D-CBF9-4881-930F-9D2AFA9DE9B9}.Debug|Any CPU.ActiveCfg = Debug|Any CPU
		{9823622D-CBF9-4881-930F-9D2AFA9DE9B9}.Debug|Any CPU.Build.0 = Debug|Any CPU
		{9823622D-CBF9-4881-930F-9D2AFA9DE9B9}.Release|Any CPU.ActiveCfg = Release|Any CPU
		{9823622D-CBF9-4881-930F-9D2AFA9DE9B9}.Release|Any CPU.Build.0 = Release|Any CPU
		{EC3A9AD7-94D8-4CD3-84B0-84D50356662B}.Debug|Any CPU.ActiveCfg = Debug|Any CPU
		{EC3A9AD7-94D8-4CD3-84B0-84D50356662B}.Debug|Any CPU.Build.0 = Debug|Any CPU
		{EC3A9AD7-94D8-4CD3-84B0-84D50356662B}.Release|Any CPU.ActiveCfg = Release|Any CPU
		{EC3A9AD7-94D8-4CD3-84B0-84D50356662B}.Release|Any CPU.Build.0 = Release|Any CPU
		{2261ADAF-6FBE-408D-9118-A42A7508DD27}.Debug|Any CPU.ActiveCfg = Debug|Any CPU
		{2261ADAF-6FBE-408D-9118-A42A7508DD27}.Debug|Any CPU.Build.0 = Debug|Any CPU
		{2261ADAF-6FBE-408D-9118-A42A7508DD27}.Release|Any CPU.ActiveCfg = Release|Any CPU
		{2261ADAF-6FBE-408D-9118-A42A7508DD27}.Release|Any CPU.Build.0 = Release|Any CPU
		{486C7E6A-EF5E-4D72-BD7A-D6907DDB14D0}.Debug|Any CPU.ActiveCfg = Debug|Any CPU
		{486C7E6A-EF5E-4D72-BD7A-D6907DDB14D0}.Debug|Any CPU.Build.0 = Debug|Any CPU
		{486C7E6A-EF5E-4D72-BD7A-D6907DDB14D0}.Release|Any CPU.ActiveCfg = Release|Any CPU
		{486C7E6A-EF5E-4D72-BD7A-D6907DDB14D0}.Release|Any CPU.Build.0 = Release|Any CPU
		{21639CF7-4274-496A-B64A-2C4BBF6A4101}.Debug|Any CPU.ActiveCfg = Debug|Any CPU
		{21639CF7-4274-496A-B64A-2C4BBF6A4101}.Debug|Any CPU.Build.0 = Debug|Any CPU
		{21639CF7-4274-496A-B64A-2C4BBF6A4101}.Release|Any CPU.ActiveCfg = Release|Any CPU
		{21639CF7-4274-496A-B64A-2C4BBF6A4101}.Release|Any CPU.Build.0 = Release|Any CPU
		{989173FA-9132-4C33-A0CE-0869F348F92A}.Debug|Any CPU.ActiveCfg = Debug|Any CPU
		{989173FA-9132-4C33-A0CE-0869F348F92A}.Debug|Any CPU.Build.0 = Debug|Any CPU
		{989173FA-9132-4C33-A0CE-0869F348F92A}.Release|Any CPU.ActiveCfg = Release|Any CPU
		{989173FA-9132-4C33-A0CE-0869F348F92A}.Release|Any CPU.Build.0 = Release|Any CPU
		{8078AB26-4140-44AD-B8DF-C04995E4AD67}.Debug|Any CPU.ActiveCfg = Debug|Any CPU
		{8078AB26-4140-44AD-B8DF-C04995E4AD67}.Debug|Any CPU.Build.0 = Debug|Any CPU
		{8078AB26-4140-44AD-B8DF-C04995E4AD67}.Release|Any CPU.ActiveCfg = Release|Any CPU
		{8078AB26-4140-44AD-B8DF-C04995E4AD67}.Release|Any CPU.Build.0 = Release|Any CPU
	EndGlobalSection
EndGlobal
